
Microsoft Visual Studio Solution File, Format Version 12.00
# Visual Studio Version 17
VisualStudioVersion = 17.6.33815.320
MinimumVisualStudioVersion = 10.0.40219.1
Project("{FAE04EC0-301F-11D3-BF4B-00C04F79EFBC}") = "Test", "Test\Test.csproj", "{89886E0C-ECC0-4F40-850E-19CD44A69526}"
EndProject
Global
	GlobalSection(SolutionConfigurationPlatforms) = preSolution
		Debug|Any CPU = Debug|Any CPU
		Release|Any CPU = Release|Any CPU
	EndGlobalSection
	GlobalSection(ProjectConfigurationPlatforms) = postSolution
		{89886E0C-ECC0-4F40-850E-19CD44A69526}.Debug|Any CPU.ActiveCfg = Debug|Any CPU
		{89886E0C-ECC0-4F40-850E-19CD44A69526}.Debug|Any CPU.Build.0 = Debug|Any CPU
		{89886E0C-ECC0-4F40-850E-19CD44A69526}.Release|Any CPU.ActiveCfg = Release|Any CPU
		{89886E0C-ECC0-4F40-850E-19CD44A69526}.Release|Any CPU.Build.0 = Release|Any CPU
	EndGlobalSection
	GlobalSection(SolutionProperties) = preSolution
		HideSolutionNode = FALSE
	EndGlobalSection
	GlobalSection(ExtensibilityGlobals) = postSolution
		SolutionGuid = {3AE8ABAB-E3E2-4E91-9239-67E64F37E024}
	EndGlobalSection
EndGlobal
